
Microsoft Visual Studio Solution File, Format Version 12.00
# Visual Studio Version 16
VisualStudioVersion = 16.0.30804.86
MinimumVisualStudioVersion = 10.0.40219.1
Project("{9A19103F-16F7-4668-BE54-9A1E7A4F7556}") = "RocketLandingAssistant", "RocketLandingAssistant\RocketLandingAssistant.csproj", "{31818E4A-288A-41CF-9CA1-24BE5BB39B58}"
EndProject
Project("{9A19103F-16F7-4668-BE54-9A1E7A4F7556}") = "RocketLandingAssistant.Tests", "RocketLandingAssistant.Tests\RocketLandingAssistant.Tests.csproj", "{64A1235E-8308-4D40-847A-7BA299B56131}"
EndProject
Project("{FAE04EC0-301F-11D3-BF4B-00C04F79EFBC}") = "RocketLandingAssistantBenchmark", "RocketLandingAssistantBenchmark\RocketLandingAssistantBenchmark.csproj", "{1F1B7C5B-F84C-4531-A47D-77C700AE351C}"
EndProject
Global
	GlobalSection(SolutionConfigurationPlatforms) = preSolution
		Debug|Any CPU = Debug|Any CPU
		Release|Any CPU = Release|Any CPU
	EndGlobalSection
	GlobalSection(ProjectConfigurationPlatforms) = postSolution
		{31818E4A-288A-41CF-9CA1-24BE5BB39B58}.Debug|Any CPU.ActiveCfg = Debug|Any CPU
		{31818E4A-288A-41CF-9CA1-24BE5BB39B58}.Debug|Any CPU.Build.0 = Debug|Any CPU
		{31818E4A-288A-41CF-9CA1-24BE5BB39B58}.Release|Any CPU.ActiveCfg = Release|Any CPU
		{31818E4A-288A-41CF-9CA1-24BE5BB39B58}.Release|Any CPU.Build.0 = Release|Any CPU
		{64A1235E-8308-4D40-847A-7BA299B56131}.Debug|Any CPU.ActiveCfg = Debug|Any CPU
		{64A1235E-8308-4D40-847A-7BA299B56131}.Debug|Any CPU.Build.0 = Debug|Any CPU
		{64A1235E-8308-4D40-847A-7BA299B56131}.Release|Any CPU.ActiveCfg = Release|Any CPU
		{64A1235E-8308-4D40-847A-7BA299B56131}.Release|Any CPU.Build.0 = Release|Any CPU
		{1F1B7C5B-F84C-4531-A47D-77C700AE351C}.Debug|Any CPU.ActiveCfg = Debug|Any CPU
		{1F1B7C5B-F84C-4531-A47D-77C700AE351C}.Debug|Any CPU.Build.0 = Debug|Any CPU
		{1F1B7C5B-F84C-4531-A47D-77C700AE351C}.Release|Any CPU.ActiveCfg = Release|Any CPU
		{1F1B7C5B-F84C-4531-A47D-77C700AE351C}.Release|Any CPU.Build.0 = Release|Any CPU
	EndGlobalSection
	GlobalSection(SolutionProperties) = preSolution
		HideSolutionNode = FALSE
	EndGlobalSection
	GlobalSection(ExtensibilityGlobals) = postSolution
		SolutionGuid = {EB15E996-DC88-4DC7-8881-C97E693A77C0}
	EndGlobalSection
EndGlobal
